{
  "nodes": {
    "bob": {
      "inputs": {
        "crane": [
          "chrest",
          "bob",
          "purse-first",
          "crane"
        ],
        "gomod2nix": [
          "chrest",
          "gomod2nix"
        ],
        "nixpkgs": [
          "chrest",
          "bob",
          "purse-first",
          "nixpkgs"
        ],
        "nixpkgs-master": "nixpkgs-master",
        "purse-first": "purse-first",
        "rust-overlay": "rust-overlay_2",
        "utils": [
          "chrest",
          "utils"
        ]
      },
      "locked": {
        "lastModified": 1776172657,
        "narHash": "sha256-RMtQ+PXu/2IH9NJ5XmxTZ4Vej4mMiHwfE+gbOsfLbjs=",
        "owner": "amarbel-llc",
        "repo": "bob",
        "rev": "c63ce1be7463ccc955f411969ca84a576f32da01",
        "type": "github"
      },
      "original": {
        "owner": "amarbel-llc",
        "repo": "bob",
        "type": "github"
      }
    },
    "chrest": {
      "inputs": {
        "bob": "bob",
        "gomod2nix": "gomod2nix_2",
        "nixpkgs": "nixpkgs_3",
        "nixpkgs-master": "nixpkgs-master_3",
        "tommy": "tommy",
        "utils": "utils_2"
      },
      "locked": {
        "lastModified": 1776687583,
        "narHash": "sha256-zmj8r0r4oUtShwLQpjiYSG6Q+uDd7uOfPcbOR0DeK3Y=",
        "owner": "amarbel-llc",
        "repo": "chrest",
        "rev": "99feef02d4d263014add94e56217bfc4e02ec8ad",
        "type": "github"
      },
      "original": {
        "owner": "amarbel-llc",
        "repo": "chrest",
        "type": "github"
      }
    },
    "crane": {
      "locked": {
        "lastModified": 1773857772,
        "narHash": "sha256-5xsK26KRHf0WytBtsBnQYC/lTWDhQuT57HJ7SzuqZcM=",
        "owner": "ipetkov",
        "repo": "crane",
        "rev": "b556d7bbae5ff86e378451511873dfd07e4504cd",
        "type": "github"
      },
      "original": {
        "owner": "ipetkov",
        "repo": "crane",
        "type": "github"
      }
    },
    "crane_2": {
      "locked": {
        "lastModified": 1758758545,
        "narHash": "sha256-NU5WaEdfwF6i8faJ2Yh+jcK9vVFrofLcwlD/mP65JrI=",
        "rev": "95d528a5f54eaba0d12102249ce42f4d01f4e364",
        "revCount": 764,
        "type": "tarball",
        "url": "https://api.flakehub.com/f/pinned/ipetkov/crane/0.21.1/01997e40-19a9-7bc6-9dba-0585d6ed9a98/source.tar.gz"
      },
      "original": {
        "type": "tarball",
        "url": "https://flakehub.com/f/ipetkov/crane/0"
      }
    },
    "fenix": {
      "inputs": {
        "nixpkgs": [
          "chrest",
          "bob",
          "purse-first",
          "fh",
          "nixpkgs"
        ],
        "rust-analyzer-src": "rust-analyzer-src"
      },
      "locked": {
        "lastModified": 1756709111,
        "narHash": "sha256-xv2u5dnQpdWkrIy5TBSomr055odWtRSoECSGBzNpp3w=",
        "rev": "113eba389317407992ea219d5aaced44bf6407f9",
        "revCount": 2375,
        "type": "tarball",
        "url": "https://api.flakehub.com/f/pinned/nix-community/fenix/0.1.2375%2Brev-113eba389317407992ea219d5aaced44bf6407f9/0199045f-8452-723d-b201-deb22d41c75e/source.tar.gz"
      },
      "original": {
        "type": "tarball",
        "url": "https://flakehub.com/f/nix-community/fenix/%3D0.1.2375"
      }
    },
    "fh": {
      "inputs": {
        "crane": "crane_2",
        "fenix": "fenix",
        "nixpkgs": "nixpkgs"
      },
      "locked": {
        "lastModified": 1761780713,
        "narHash": "sha256-EUCV7/J9wJRroCGW5JqonFJIqcvJEBAwB7l3eWYxiSk=",
        "rev": "4f001f2e1de4776f01cf22d1de815f1016a4c4c9",
        "revCount": 786,
        "type": "tarball",
        "url": "https://api.flakehub.com/f/pinned/DeterminateSystems/fh/0.1.27/019a355b-4c74-769d-a9ad-232df447089d/source.tar.gz"
      },
      "original": {
        "type": "tarball",
        "url": "https://flakehub.com/f/DeterminateSystems/fh/%2A.tar.gz"
      }
    },
    "flake-utils": {
      "inputs": {
        "systems": "systems"
      },
      "locked": {
        "lastModified": 1731533236,
        "narHash": "sha256-l0KFg5HjrsfsO/JpG+r7fRrqm12kzFHyUHqHCVpMMbI=",
        "owner": "numtide",
        "repo": "flake-utils",
        "rev": "11707dc2f618dd54ca8739b309ec4fc024de578b",
        "type": "github"
      },
      "original": {
        "owner": "numtide",
        "repo": "flake-utils",
        "type": "github"
      }
    },
    "gomod2nix": {
      "inputs": {
        "flake-utils": "flake-utils",
        "nixpkgs": [
          "chrest",
          "bob",
          "purse-first",
          "nixpkgs"
        ]
      },
      "locked": {
        "lastModified": 1775655738,
        "narHash": "sha256-fK9KNU9oNugFyGu8uqv1OM4anYFVcIeYVntuaUFx4Y0=",
        "owner": "amarbel-llc",
        "repo": "gomod2nix",
        "rev": "c721288259a04d29966f38d5baa3d3b30bf8fe08",
        "type": "github"
      },
      "original": {
        "owner": "amarbel-llc",
        "repo": "gomod2nix",
        "type": "github"
      }
    },
    "gomod2nix_2": {
      "inputs": {
        "flake-utils": [
          "chrest",
          "utils"
        ],
        "nixpkgs": [
          "chrest",
          "nixpkgs"
        ]
      },
      "locked": {
        "lastModified": 1775655738,
        "narHash": "sha256-fK9KNU9oNugFyGu8uqv1OM4anYFVcIeYVntuaUFx4Y0=",
        "owner": "amarbel-llc",
        "repo": "gomod2nix",
        "rev": "c721288259a04d29966f38d5baa3d3b30bf8fe08",
        "type": "github"
      },
      "original": {
        "owner": "amarbel-llc",
        "repo": "gomod2nix",
        "type": "github"
      }
    },
    "html-to-pdf": {
      "inputs": {
        "nixpkgs": "nixpkgs_6",
        "nixpkgs-master": "nixpkgs-master_6",
        "utils": "utils_3"
      },
      "locked": {
        "lastModified": 1773490504,
        "narHash": "sha256-0MR/fEdc64gNGToDxXQACSr10zSKMyg1fv86BbDLEXY=",
        "owner": "amarbel-llc",
        "repo": "html-to-pdf",
        "rev": "15a8f2bf86c9c9c48a657b6e6742f618dbe63890",
        "type": "github"
      },
      "original": {
        "owner": "amarbel-llc",
        "repo": "html-to-pdf",
        "type": "github"
      }
    },
    "nixpkgs": {
      "locked": {
        "lastModified": 1761468971,
        "narHash": "sha256-vY2OLVg5ZTobdroQKQQSipSIkHlxOTrIF1fsMzPh8w8=",
        "rev": "78e34d1667d32d8a0ffc3eba4591ff256e80576e",
        "revCount": 811770,
        "type": "tarball",
        "url": "https://api.flakehub.com/f/pinned/NixOS/nixpkgs/0.2505.811770%2Brev-78e34d1667d32d8a0ffc3eba4591ff256e80576e/019a23fb-89f0-7302-a573-f6bf7dde9cf5/source.tar.gz"
      },
      "original": {
        "type": "tarball",
        "url": "https://flakehub.com/f/NixOS/nixpkgs/0"
      }
    },
    "nixpkgs-master": {
      "locked": {
        "lastModified": 1774366223,
        "narHash": "sha256-EkNxFNHtu8q9oUcmcaQk/fsNrErrAMUMx4uMN5qjDIM=",
        "owner": "NixOS",
        "repo": "nixpkgs",
        "rev": "e2dde111aea2c0699531dc616112a96cd55ab8b5",
        "type": "github"
      },
      "original": {
        "owner": "NixOS",
        "repo": "nixpkgs",
        "rev": "e2dde111aea2c0699531dc616112a96cd55ab8b5",
        "type": "github"
      }
    },
    "nixpkgs-master_2": {
      "locked": {
        "lastModified": 1774366223,
        "narHash": "sha256-EkNxFNHtu8q9oUcmcaQk/fsNrErrAMUMx4uMN5qjDIM=",
        "owner": "NixOS",
        "repo": "nixpkgs",
        "rev": "e2dde111aea2c0699531dc616112a96cd55ab8b5",
        "type": "github"
      },
      "original": {
        "owner": "NixOS",
        "repo": "nixpkgs",
        "rev": "e2dde111aea2c0699531dc616112a96cd55ab8b5",
        "type": "github"
      }
    },
    "nixpkgs-master_3": {
      "locked": {
        "lastModified": 1770522055,
        "narHash": "sha256-03+UdWZAo150UdTZGG4xwSCTTT0GbxpSyGn9j4FBBH8=",
        "owner": "NixOS",
        "repo": "nixpkgs",
        "rev": "b28c4999ed71543e71552ccfd0d7e68c581ba7e9",
        "type": "github"
      },
      "original": {
        "owner": "NixOS",
        "repo": "nixpkgs",
        "rev": "b28c4999ed71543e71552ccfd0d7e68c581ba7e9",
        "type": "github"
      }
    },
    "nixpkgs-master_4": {
      "locked": {
        "lastModified": 1774366223,
        "narHash": "sha256-EkNxFNHtu8q9oUcmcaQk/fsNrErrAMUMx4uMN5qjDIM=",
        "owner": "NixOS",
        "repo": "nixpkgs",
        "rev": "e2dde111aea2c0699531dc616112a96cd55ab8b5",
        "type": "github"
      },
      "original": {
        "owner": "NixOS",
        "repo": "nixpkgs",
        "rev": "e2dde111aea2c0699531dc616112a96cd55ab8b5",
        "type": "github"
      }
    },
    "nixpkgs-master_5": {
      "locked": {
        "lastModified": 1773486025,
        "narHash": "sha256-ea+4Zg0lMGErMGZrgkg25c9fiGzMmHStyBjwH1xJFFw=",
        "owner": "NixOS",
        "repo": "nixpkgs",
        "rev": "e034e386767a6d00b65ac951821835bd977a08f7",
        "type": "github"
      },
      "original": {
        "owner": "NixOS",
        "repo": "nixpkgs",
        "rev": "e034e386767a6d00b65ac951821835bd977a08f7",
        "type": "github"
      }
    },
    "nixpkgs-master_6": {
      "locked": {
        "lastModified": 1770522055,
        "narHash": "sha256-03+UdWZAo150UdTZGG4xwSCTTT0GbxpSyGn9j4FBBH8=",
        "owner": "NixOS",
        "repo": "nixpkgs",
        "rev": "b28c4999ed71543e71552ccfd0d7e68c581ba7e9",
        "type": "github"
      },
      "original": {
        "owner": "NixOS",
        "repo": "nixpkgs",
        "rev": "b28c4999ed71543e71552ccfd0d7e68c581ba7e9",
        "type": "github"
      }
    },
    "nixpkgs-master_7": {
      "locked": {
        "lastModified": 1773486025,
        "narHash": "sha256-ea+4Zg0lMGErMGZrgkg25c9fiGzMmHStyBjwH1xJFFw=",
        "owner": "NixOS",
        "repo": "nixpkgs",
        "rev": "e034e386767a6d00b65ac951821835bd977a08f7",
        "type": "github"
      },
      "original": {
        "owner": "NixOS",
        "repo": "nixpkgs",
        "rev": "e034e386767a6d00b65ac951821835bd977a08f7",
        "type": "github"
      }
    },
    "nixpkgs_2": {
      "locked": {
        "lastModified": 1774244481,
        "narHash": "sha256-4XfMXU0DjN83o6HWZoKG9PegCvKvIhNUnRUI19vzTcQ=",
        "owner": "NixOS",
        "repo": "nixpkgs",
        "rev": "4590696c8693fea477850fe379a01544293ca4e2",
        "type": "github"
      },
      "original": {
        "owner": "NixOS",
        "repo": "nixpkgs",
        "rev": "4590696c8693fea477850fe379a01544293ca4e2",
        "type": "github"
      }
    },
    "nixpkgs_3": {
      "locked": {
        "lastModified": 1773814637,
        "narHash": "sha256-GNU+ooRmrHLfjlMsKdn0prEKVa0faVanm0jrgu1J/gY=",
        "owner": "NixOS",
        "repo": "nixpkgs",
        "rev": "fea3b367d61c1a6592bc47c72f40a9f3e6a53e96",
        "type": "github"
      },
      "original": {
        "owner": "NixOS",
        "repo": "nixpkgs",
        "rev": "fea3b367d61c1a6592bc47c72f40a9f3e6a53e96",
        "type": "github"
      }
    },
    "nixpkgs_4": {
      "locked": {
        "lastModified": 1774244481,
        "narHash": "sha256-4XfMXU0DjN83o6HWZoKG9PegCvKvIhNUnRUI19vzTcQ=",
        "owner": "NixOS",
        "repo": "nixpkgs",
        "rev": "4590696c8693fea477850fe379a01544293ca4e2",
        "type": "github"
      },
      "original": {
        "owner": "NixOS",
        "repo": "nixpkgs",
        "rev": "4590696c8693fea477850fe379a01544293ca4e2",
        "type": "github"
      }
    },
    "nixpkgs_5": {
      "locked": {
        "lastModified": 1773375660,
        "narHash": "sha256-SEzUWw2Rf5Ki3bcM26nSKgbeoqi2uYy8IHVBqOKjX3w=",
        "owner": "NixOS",
        "repo": "nixpkgs",
        "rev": "3e20095fe3c6cbb1ddcef89b26969a69a1570776",
        "type": "github"
      },
      "original": {
        "owner": "NixOS",
        "repo": "nixpkgs",
        "rev": "3e20095fe3c6cbb1ddcef89b26969a69a1570776",
        "type": "github"
      }
    },
    "nixpkgs_6": {
      "locked": {
        "lastModified": 1770464364,
        "narHash": "sha256-z5NJPSBwsLf/OfD8WTmh79tlSU8XgIbwmk6qB1/TFzY=",
        "owner": "NixOS",
        "repo": "nixpkgs",
        "rev": "23d72dabcb3b12469f57b37170fcbc1789bd7457",
        "type": "github"
      },
      "original": {
        "owner": "NixOS",
        "repo": "nixpkgs",
        "rev": "23d72dabcb3b12469f57b37170fcbc1789bd7457",
        "type": "github"
      }
    },
    "nixpkgs_7": {
      "locked": {
        "lastModified": 1773375660,
        "narHash": "sha256-SEzUWw2Rf5Ki3bcM26nSKgbeoqi2uYy8IHVBqOKjX3w=",
        "owner": "NixOS",
        "repo": "nixpkgs",
        "rev": "3e20095fe3c6cbb1ddcef89b26969a69a1570776",
        "type": "github"
      },
      "original": {
        "owner": "NixOS",
        "repo": "nixpkgs",
        "rev": "3e20095fe3c6cbb1ddcef89b26969a69a1570776",
        "type": "github"
      }
    },
    "purse-first": {
      "inputs": {
        "crane": "crane",
        "fh": "fh",
        "gomod2nix": "gomod2nix",
        "nixpkgs": "nixpkgs_2",
        "nixpkgs-master": "nixpkgs-master_2",
        "rust-overlay": "rust-overlay",
        "utils": "utils"
      },
      "locked": {
        "lastModified": 1775656151,
        "narHash": "sha256-65xohdP2kM1Ob/jgtD2XbrjZexY0VHaGGQtHm8Nqfwg=",
        "owner": "amarbel-llc",
        "repo": "purse-first",
        "rev": "69a41af6c95b440929e848c907f125fdfa8d29d1",
        "type": "github"
      },
      "original": {
        "owner": "amarbel-llc",
        "repo": "purse-first",
        "type": "github"
      }
    },
    "resume-builder": {
      "inputs": {
        "html-to-pdf": "html-to-pdf",
        "nixpkgs": "nixpkgs_7",
        "nixpkgs-master": "nixpkgs-master_7",
        "utils": "utils_4"
      },
      "locked": {
        "lastModified": 1773490527,
        "narHash": "sha256-Tn6bsxJCoNPM/Gk8r2dnGyN/XF+fZBNJUyrn72nJwa4=",
        "owner": "friedenberg",
        "repo": "resume-builder",
        "rev": "724c83f280591da32b511215dbcfdc226bf53041",
        "type": "github"
      },
      "original": {
        "owner": "friedenberg",
        "repo": "resume-builder",
        "type": "github"
      }
    },
    "root": {
      "inputs": {
        "chrest": "chrest",
        "nixpkgs": "nixpkgs_5",
        "nixpkgs-master": "nixpkgs-master_5",
        "resume-builder": "resume-builder",
        "utils": "utils_5"
      }
    },
    "rust-analyzer-src": {
      "flake": false,
      "locked": {
        "lastModified": 1756597274,
        "narHash": "sha256-wfaKRKsEVQDB7pQtAt04vRgFphkVscGRpSx3wG1l50E=",
        "owner": "rust-lang",
        "repo": "rust-analyzer",
        "rev": "21614ed2d3279a9aa1f15c88d293e65a98991b30",
        "type": "github"
      },
      "original": {
        "owner": "rust-lang",
        "ref": "nightly",
        "repo": "rust-analyzer",
        "type": "github"
      }
    },
    "rust-overlay": {
      "inputs": {
        "nixpkgs": [
          "chrest",
          "bob",
          "purse-first",
          "nixpkgs"
        ]
      },
      "locked": {
        "lastModified": 1773975983,
        "narHash": "sha256-zrRVwdfhDdohANqEhzY/ydeza6EXEi8AG6cyMRNYT9Q=",
        "owner": "oxalica",
        "repo": "rust-overlay",
        "rev": "cc80954a95f6f356c303ed9f08d0b63ca86216ac",
        "type": "github"
      },
      "original": {
        "owner": "oxalica",
        "repo": "rust-overlay",
        "type": "github"
      }
    },
    "rust-overlay_2": {
      "inputs": {
        "nixpkgs": [
          "chrest",
          "bob",
          "nixpkgs"
        ]
      },
      "locked": {
        "lastModified": 1774321696,
        "narHash": "sha256-g18xMjMNla/nsF5XyQCNyWmtb2UlZpkY0XE8KinIXAA=",
        "owner": "oxalica",
        "repo": "rust-overlay",
        "rev": "49a67e6894d4cb782842ee6faa466aa90c92812d",
        "type": "github"
      },
      "original": {
        "owner": "oxalica",
        "repo": "rust-overlay",
        "type": "github"
      }
    },
    "systems": {
      "locked": {
        "lastModified": 1681028828,
        "narHash": "sha256-Vy1rq5AaRuLzOxct8nz4T6wlgyUR7zLU309k9mBC768=",
        "owner": "nix-systems",
        "repo": "default",
        "rev": "da67096a3b9bf56a91d16901293e51ba5b49a27e",
        "type": "github"
      },
      "original": {
        "owner": "nix-systems",
        "repo": "default",
        "type": "github"
      }
    },
    "systems_2": {
      "locked": {
        "lastModified": 1681028828,
        "narHash": "sha256-Vy1rq5AaRuLzOxct8nz4T6wlgyUR7zLU309k9mBC768=",
        "owner": "nix-systems",
        "repo": "default",
        "rev": "da67096a3b9bf56a91d16901293e51ba5b49a27e",
        "type": "github"
      },
      "original": {
        "owner": "nix-systems",
        "repo": "default",
        "type": "github"
      }
    },
    "systems_3": {
      "locked": {
        "lastModified": 1681028828,
        "narHash": "sha256-Vy1rq5AaRuLzOxct8nz4T6wlgyUR7zLU309k9mBC768=",
        "owner": "nix-systems",
        "repo": "default",
        "rev": "da67096a3b9bf56a91d16901293e51ba5b49a27e",
        "type": "github"
      },
      "original": {
        "owner": "nix-systems",
        "repo": "default",
        "type": "github"
      }
    },
    "systems_4": {
      "locked": {
        "lastModified": 1681028828,
        "narHash": "sha256-Vy1rq5AaRuLzOxct8nz4T6wlgyUR7zLU309k9mBC768=",
        "owner": "nix-systems",
        "repo": "default",
        "rev": "da67096a3b9bf56a91d16901293e51ba5b49a27e",
        "type": "github"
      },
      "original": {
        "owner": "nix-systems",
        "repo": "default",
        "type": "github"
      }
    },
    "systems_5": {
      "locked": {
        "lastModified": 1681028828,
        "narHash": "sha256-Vy1rq5AaRuLzOxct8nz4T6wlgyUR7zLU309k9mBC768=",
        "owner": "nix-systems",
        "repo": "default",
        "rev": "da67096a3b9bf56a91d16901293e51ba5b49a27e",
        "type": "github"
      },
      "original": {
        "owner": "nix-systems",
        "repo": "default",
        "type": "github"
      }
    },
    "systems_6": {
      "locked": {
        "lastModified": 1681028828,
        "narHash": "sha256-Vy1rq5AaRuLzOxct8nz4T6wlgyUR7zLU309k9mBC768=",
        "owner": "nix-systems",
        "repo": "default",
        "rev": "da67096a3b9bf56a91d16901293e51ba5b49a27e",
        "type": "github"
      },
      "original": {
        "owner": "nix-systems",
        "repo": "default",
        "type": "github"
      }
    },
    "tommy": {
      "inputs": {
        "bob": [
          "chrest",
          "bob"
        ],
        "gomod2nix": [
          "chrest",
          "gomod2nix"
        ],
        "nixpkgs": "nixpkgs_4",
        "nixpkgs-master": "nixpkgs-master_4",
        "utils": [
          "chrest",
          "utils"
        ]
      },
      "locked": {
        "lastModified": 1775399611,
        "narHash": "sha256-ElzACYuPmWpNk7bm4V8de18P+PqG+92X9aSxJg8gRUI=",
        "owner": "amarbel-llc",
        "repo": "tommy",
        "rev": "87255e87bf372148f2b17a5514eb73f8a84e0ac4",
        "type": "github"
      },
      "original": {
        "owner": "amarbel-llc",
        "repo": "tommy",
        "type": "github"
      }
    },
    "utils": {
      "inputs": {
        "systems": "systems_2"
      },
      "locked": {
        "lastModified": 1731533236,
        "narHash": "sha256-l0KFg5HjrsfsO/JpG+r7fRrqm12kzFHyUHqHCVpMMbI=",
        "rev": "11707dc2f618dd54ca8739b309ec4fc024de578b",
        "revCount": 102,
        "type": "tarball",
        "url": "https://api.flakehub.com/f/pinned/numtide/flake-utils/0.1.102%2Brev-11707dc2f618dd54ca8739b309ec4fc024de578b/0193276d-5b8f-7dbc-acf1-41cb7b54ad2e/source.tar.gz"
      },
      "original": {
        "type": "tarball",
        "url": "https://flakehub.com/f/numtide/flake-utils/0.1.102"
      }
    },
    "utils_2": {
      "inputs": {
        "systems": "systems_3"
      },
      "locked": {
        "lastModified": 1731533236,
        "narHash": "sha256-l0KFg5HjrsfsO/JpG+r7fRrqm12kzFHyUHqHCVpMMbI=",
        "rev": "11707dc2f618dd54ca8739b309ec4fc024de578b",
        "revCount": 102,
        "type": "tarball",
        "url": "https://api.flakehub.com/f/pinned/numtide/flake-utils/0.1.102%2Brev-11707dc2f618dd54ca8739b309ec4fc024de578b/0193276d-5b8f-7dbc-acf1-41cb7b54ad2e/source.tar.gz"
      },
      "original": {
        "type": "tarball",
        "url": "https://flakehub.com/f/numtide/flake-utils/0.1.102"
      }
    },
    "utils_3": {
      "inputs": {
        "systems": "systems_4"
      },
      "locked": {
        "lastModified": 1731533236,
        "narHash": "sha256-l0KFg5HjrsfsO/JpG+r7fRrqm12kzFHyUHqHCVpMMbI=",
        "rev": "11707dc2f618dd54ca8739b309ec4fc024de578b",
        "revCount": 102,
        "type": "tarball",
        "url": "https://api.flakehub.com/f/pinned/numtide/flake-utils/0.1.102%2Brev-11707dc2f618dd54ca8739b309ec4fc024de578b/0193276d-5b8f-7dbc-acf1-41cb7b54ad2e/source.tar.gz"
      },
      "original": {
        "type": "tarball",
        "url": "https://flakehub.com/f/numtide/flake-utils/0.1.102"
      }
    },
    "utils_4": {
      "inputs": {
        "systems": "systems_5"
      },
      "locked": {
        "lastModified": 1731533236,
        "narHash": "sha256-l0KFg5HjrsfsO/JpG+r7fRrqm12kzFHyUHqHCVpMMbI=",
        "rev": "11707dc2f618dd54ca8739b309ec4fc024de578b",
        "revCount": 102,
        "type": "tarball",
        "url": "https://api.flakehub.com/f/pinned/numtide/flake-utils/0.1.102%2Brev-11707dc2f618dd54ca8739b309ec4fc024de578b/0193276d-5b8f-7dbc-acf1-41cb7b54ad2e/source.tar.gz"
      },
      "original": {
        "type": "tarball",
        "url": "https://flakehub.com/f/numtide/flake-utils/0.1.102"
      }
    },
    "utils_5": {
      "inputs": {
        "systems": "systems_6"
      },
      "locked": {
        "lastModified": 1731533236,
        "narHash": "sha256-l0KFg5HjrsfsO/JpG+r7fRrqm12kzFHyUHqHCVpMMbI=",
        "rev": "11707dc2f618dd54ca8739b309ec4fc024de578b",
        "revCount": 102,
        "type": "tarball",
        "url": "https://api.flakehub.com/f/pinned/numtide/flake-utils/0.1.102%2Brev-11707dc2f618dd54ca8739b309ec4fc024de578b/0193276d-5b8f-7dbc-acf1-41cb7b54ad2e/source.tar.gz"
      },
      "original": {
        "type": "tarball",
        "url": "https://flakehub.com/f/numtide/flake-utils/0.1.102"
      }
    }
  },
  "root": "root",
  "version": 7
}
